
Microsoft Visual Studio Solution File, Format Version 12.00
# Visual Studio Version 17
VisualStudioVersion = 17.0.31903.59
MinimumVisualStudioVersion = 10.0.40219.1
Project("{FAE04EC0-301F-11D3-BF4B-00C04F79EFBC}") = "FrutaCS", "src\FrutaCS.csproj", "{87D35768-38A9-495F-B31A-E2C8619EBEB8}"
EndProject
Project("{2150E333-8FDC-42A3-9474-1A3956D46DE8}") = "tests", "tests", "{74D9D225-8AA4-4092-B479-DE1ED29C8B4F}"
EndProject
Project("{FAE04EC0-301F-11D3-BF4B-00C04F79EFBC}") = "FrutaCS.Tests", "tests\FrutaCS.Tests\FrutaCS.Tests.csproj", "{018EEFB0-0F43-44D2-B94F-6F1178E92022}"
EndProject
Global
	GlobalSection(SolutionConfigurationPlatforms) = preSolution
		Debug|Any CPU = Debug|Any CPU
		Release|Any CPU = Release|Any CPU
	EndGlobalSection
	GlobalSection(SolutionProperties) = preSolution
		HideSolutionNode = FALSE
	EndGlobalSection
	GlobalSection(ProjectConfigurationPlatforms) = postSolution
		{87D35768-38A9-495F-B31A-E2C8619EBEB8}.Debug|Any CPU.ActiveCfg = Debug|Any CPU
		{87D35768-38A9-495F-B31A-E2C8619EBEB8}.Debug|Any CPU.Build.0 = Debug|Any CPU
		{87D35768-38A9-495F-B31A-E2C8619EBEB8}.Release|Any CPU.ActiveCfg = ExportRelease|Any CPU
		{87D35768-38A9-495F-B31A-E2C8619EBEB8}.Release|Any CPU.Build.0 = ExportRelease|Any CPU
		{018EEFB0-0F43-44D2-B94F-6F1178E92022}.Debug|Any CPU.ActiveCfg = Debug|Any CPU
		{018EEFB0-0F43-44D2-B94F-6F1178E92022}.Debug|Any CPU.Build.0 = Debug|Any CPU
		{018EEFB0-0F43-44D2-B94F-6F1178E92022}.Release|Any CPU.ActiveCfg = Release|Any CPU
		{018EEFB0-0F43-44D2-B94F-6F1178E92022}.Release|Any CPU.Build.0 = Release|Any CPU
	EndGlobalSection
	GlobalSection(NestedProjects) = preSolution
		{018EEFB0-0F43-44D2-B94F-6F1178E92022} = {74D9D225-8AA4-4092-B479-DE1ED29C8B4F}
	EndGlobalSection
EndGlobal
